Microsoft Visual Studio Solution File, Format Version 12.00
# Visual Studio Version 17
VisualStudioVersion = 17.5.2.0
MinimumVisualStudioVersion = 10.0.40219.1
Project("{FAE04EC0-301F-11D3-BF4B-00C04F79EFBC}") = "GameMapBackend", "GameMapBackend.csproj", "{E90E601C-03B8-9BFD-135F-A00A96F6866E}"
EndProject
Global
	GlobalSection(SolutionConfigurationPlatforms) = preSolution
		Debug|Any CPU = Debug|Any CPU
		Release|Any CPU = Release|Any CPU
	EndGlobalSection
	GlobalSection(ProjectConfigurationPlatforms) = postSolution
		{E90E601C-03B8-9BFD-135F-A00A96F6866E}.Debug|Any CPU.ActiveCfg = Debug|Any CPU
		{E90E601C-03B8-9BFD-135F-A00A96F6866E}.Debug|Any CPU.Build.0 = Debug|Any CPU
		{E90E601C-03B8-9BFD-135F-A00A96F6866E}.Release|Any CPU.ActiveCfg = Release|Any CPU
		{E90E601C-03B8-9BFD-135F-A00A96F6866E}.Release|Any CPU.Build.0 = Release|Any CPU
	EndGlobalSection
	GlobalSection(SolutionProperties) = preSolution
		HideSolutionNode = FALSE
	EndGlobalSection
	GlobalSection(ExtensibilityGlobals) = postSolution
		SolutionGuid = {6202D06C-EB61-4A64-8777-306E2037B4F0}
	EndGlobalSection
EndGlobal
